
Microsoft Visual Studio Solution File, Format Version 12.00
# Visual Studio Version 17
VisualStudioVersion = 17.13.35919.96 d17.13
MinimumVisualStudioVersion = 10.0.40219.1
Project("{FAE04EC0-301F-11D3-BF4B-00C04F79EFBC}") = "SportPlus", "SportPlus.csproj", "{C673E2C3-BD5A-457E-8192-BF79C0082E5F}"
EndProject
Global
	GlobalSection(SolutionConfigurationPlatforms) = preSolution
		Debug|Any CPU = Debug|Any CPU
		Release|Any CPU = Release|Any CPU
	EndGlobalSection
	GlobalSection(ProjectConfigurationPlatforms) = postSolution
		{C673E2C3-BD5A-457E-8192-BF79C0082E5F}.Debug|Any CPU.ActiveCfg = Debug|Any CPU
		{C673E2C3-BD5A-457E-8192-BF79C0082E5F}.Debug|Any CPU.Build.0 = Debug|Any CPU
		{C673E2C3-BD5A-457E-8192-BF79C0082E5F}.Release|Any CPU.ActiveCfg = Release|Any CPU
		{C673E2C3-BD5A-457E-8192-BF79C0082E5F}.Release|Any CPU.Build.0 = Release|Any CPU
	EndGlobalSection
	GlobalSection(SolutionProperties) = preSolution
		HideSolutionNode = FALSE
	EndGlobalSection
	GlobalSection(ExtensibilityGlobals) = postSolution
		SolutionGuid = {2A34B1EF-C711-468F-B50F-17FAC54F2B87}
	EndGlobalSection
EndGlobal
